
Microsoft Visual Studio Solution File, Format Version 12.00
# Visual Studio Version 17
VisualStudioVersion = 17.0.32126.317
MinimumVisualStudioVersion = 10.0.40219.1
Project("{FAE04EC0-301F-11D3-BF4B-00C04F79EFBC}") = "DddInPractice.Domain", "src\DddInPractice.Domain\DddInPractice.Domain.csproj", "{B5108E50-DF39-4151-8FF5-16E78CA2718E}"
EndProject
Project("{FAE04EC0-301F-11D3-BF4B-00C04F79EFBC}") = "DddInPractice.Domain.Tests", "tests\DddInPractice.Domain.Tests\DddInPractice.Domain.Tests.csproj", "{1EA5A350-6DD9-4BE0-A1A4-9088DA698456}"
EndProject
Global
	GlobalSection(SolutionConfigurationPlatforms) = preSolution
		Debug|Any CPU = Debug|Any CPU
		Release|Any CPU = Release|Any CPU
	EndGlobalSection
	GlobalSection(ProjectConfigurationPlatforms) = postSolution
		{B5108E50-DF39-4151-8FF5-16E78CA2718E}.Debug|Any CPU.ActiveCfg = Debug|Any CPU
		{B5108E50-DF39-4151-8FF5-16E78CA2718E}.Debug|Any CPU.Build.0 = Debug|Any CPU
		{B5108E50-DF39-4151-8FF5-16E78CA2718E}.Release|Any CPU.ActiveCfg = Release|Any CPU
		{B5108E50-DF39-4151-8FF5-16E78CA2718E}.Release|Any CPU.Build.0 = Release|Any CPU
		{1EA5A350-6DD9-4BE0-A1A4-9088DA698456}.Debug|Any CPU.ActiveCfg = Debug|Any CPU
		{1EA5A350-6DD9-4BE0-A1A4-9088DA698456}.Debug|Any CPU.Build.0 = Debug|Any CPU
		{1EA5A350-6DD9-4BE0-A1A4-9088DA698456}.Release|Any CPU.ActiveCfg = Release|Any CPU
		{1EA5A350-6DD9-4BE0-A1A4-9088DA698456}.Release|Any CPU.Build.0 = Release|Any CPU
	EndGlobalSection
	GlobalSection(SolutionProperties) = preSolution
		HideSolutionNode = FALSE
	EndGlobalSection
	GlobalSection(ExtensibilityGlobals) = postSolution
		SolutionGuid = {7A25EF59-C64D-4CD8-B16A-0C5AE06AA14A}
	EndGlobalSection
EndGlobal
